
Microsoft Visual Studio Solution File, Format Version 12.00
# Visual Studio Version 17
VisualStudioVersion = 17.4.33103.184
MinimumVisualStudioVersion = 10.0.40219.1
Project("{FAE04EC0-301F-11D3-BF4B-00C04F79EFBC}") = "techAPI", "techAPI\techAPI.csproj", "{6855655E-1583-41C6-9F12-004717EF1982}"
EndProject
Global
	GlobalSection(SolutionConfigurationPlatforms) = preSolution
		Debug|Any CPU = Debug|Any CPU
		Release|Any CPU = Release|Any CPU
	EndGlobalSection
	GlobalSection(ProjectConfigurationPlatforms) = postSolution
		{6855655E-1583-41C6-9F12-004717EF1982}.Debug|Any CPU.ActiveCfg = Debug|Any CPU
		{6855655E-1583-41C6-9F12-004717EF1982}.Debug|Any CPU.Build.0 = Debug|Any CPU
		{6855655E-1583-41C6-9F12-004717EF1982}.Release|Any CPU.ActiveCfg = Release|Any CPU
		{6855655E-1583-41C6-9F12-004717EF1982}.Release|Any CPU.Build.0 = Release|Any CPU
	EndGlobalSection
	GlobalSection(SolutionProperties) = preSolution
		HideSolutionNode = FALSE
	EndGlobalSection
	GlobalSection(ExtensibilityGlobals) = postSolution
		SolutionGuid = {70DDC39D-E0F2-4855-85E7-6C8B00F588DA}
	EndGlobalSection
EndGlobal
