
Microsoft Visual Studio Solution File, Format Version 12.00
# Visual Studio Version 17
VisualStudioVersion = 17.4.33103.184
MinimumVisualStudioVersion = 10.0.40219.1
Project("{FAE04EC0-301F-11D3-BF4B-00C04F79EFBC}") = "apicalls_serverSide_HttpClient", "apicalls_serverSide_HttpClient\apicalls_serverSide_HttpClient.csproj", "{89A04073-1961-45E5-BB2C-D87035631CBE}"
EndProject
Global
	GlobalSection(SolutionConfigurationPlatforms) = preSolution
		Debug|Any CPU = Debug|Any CPU
		Release|Any CPU = Release|Any CPU
	EndGlobalSection
	GlobalSection(ProjectConfigurationPlatforms) = postSolution
		{89A04073-1961-45E5-BB2C-D87035631CBE}.Debug|Any CPU.ActiveCfg = Debug|Any CPU
		{89A04073-1961-45E5-BB2C-D87035631CBE}.Debug|Any CPU.Build.0 = Debug|Any CPU
		{89A04073-1961-45E5-BB2C-D87035631CBE}.Release|Any CPU.ActiveCfg = Release|Any CPU
		{89A04073-1961-45E5-BB2C-D87035631CBE}.Release|Any CPU.Build.0 = Release|Any CPU
	EndGlobalSection
	GlobalSection(SolutionProperties) = preSolution
		HideSolutionNode = FALSE
	EndGlobalSection
	GlobalSection(ExtensibilityGlobals) = postSolution
		SolutionGuid = {A24646C7-400F-45B5-876F-1B7D272513E9}
	EndGlobalSection
EndGlobal
